
Microsoft Visual Studio Solution File, Format Version 12.00
# Visual Studio 15
Project("{FAE04EC0-301F-11D3-BF4B-00C04F79EFBC}") = "UnityEngine.UI", "UnityEngine.UI.csproj", "{8BE55C6D-A474-462B-1ABC-E9EEED036837}"
EndProject
Project("{FAE04EC0-301F-11D3-BF4B-00C04F79EFBC}") = "UnityEngine.TestRunner", "UnityEngine.TestRunner.csproj", "{91AE7228-6BAF-2BD4-C926-31C4D46810E8}"
EndProject
Project("{FAE04EC0-301F-11D3-BF4B-00C04F79EFBC}") = "Unity.Mathematics", "Unity.Mathematics.csproj", "{74008396-742E-C665-3946-EA52CC8A0825}"
EndProject
Project("{FAE04EC0-301F-11D3-BF4B-00C04F79EFBC}") = "Unity.2D.Animation.Triangle.Runtime", "Unity.2D.Animation.Triangle.Runtime.csproj", "{FA8EC534-BA25-7E8D-EED7-F0BA0216DC4B}"
EndProject
Project("{FAE04EC0-301F-11D3-BF4B-00C04F79EFBC}") = "Unity.Timeline", "Unity.Timeline.csproj", "{769754C7-8C4F-3B73-8BDE-3FB633C9EAC8}"
EndProject
Project("{FAE04EC0-301F-11D3-BF4B-00C04F79EFBC}") = "Unity.TextMeshPro", "Unity.TextMeshPro.csproj", "{B61CA65D-F391-FC3B-0696-09FA0E90EDD3}"
EndProject
Project("{FAE04EC0-301F-11D3-BF4B-00C04F79EFBC}") = "Unity.2D.Animation.Runtime", "Unity.2D.Animation.Runtime.csproj", "{D46268D4-5EB8-F8B4-FE77-9E00531A1AEA}"
EndProject
Project("{FAE04EC0-301F-11D3-BF4B-00C04F79EFBC}") = "Assembly-CSharp", "Assembly-CSharp.csproj", "{F6E24C52-254E-01FA-896A-BF17F4A89318}"
EndProject
Project("{FAE04EC0-301F-11D3-BF4B-00C04F79EFBC}") = "Unity.2D.IK.Runtime", "Unity.2D.IK.Runtime.csproj", "{405D87DA-AC44-3EDD-8BA6-38D0BF32AED6}"
EndProject
Project("{FAE04EC0-301F-11D3-BF4B-00C04F79EFBC}") = "Unity.2D.SpriteShape.Runtime", "Unity.2D.SpriteShape.Runtime.csproj", "{A33599AA-C06F-32E0-D0A3-A68F6E62929E}"
EndProject
Project("{FAE04EC0-301F-11D3-BF4B-00C04F79EFBC}") = "Unity.2D.PixelPerfect", "Unity.2D.PixelPerfect.csproj", "{8E27B6E3-8329-6706-0C03-A8476DB39057}"
EndProject
Project("{FAE04EC0-301F-11D3-BF4B-00C04F79EFBC}") = "Unity.2D.Common.Runtime", "Unity.2D.Common.Runtime.csproj", "{8955DDBB-C4B1-FED9-6DA4-300B511896F0}"
EndProject
Project("{FAE04EC0-301F-11D3-BF4B-00C04F79EFBC}") = "Unity.InternalAPIEngineBridge.001", "Unity.InternalAPIEngineBridge.001.csproj", "{F39917D3-7AA4-521C-64B8-640693BA9B41}"
EndProject
Project("{FAE04EC0-301F-11D3-BF4B-00C04F79EFBC}") = "NativeShare.Runtime", "NativeShare.Runtime.csproj", "{CD26BA39-EB75-D404-DF87-7226CDF69E83}"
EndProject
Project("{FAE04EC0-301F-11D3-BF4B-00C04F79EFBC}") = "UnityEditor.TestRunner", "UnityEditor.TestRunner.csproj", "{B1DAEBFB-0761-3D7C-33EA-3DFBDD5E66A6}"
EndProject
Project("{FAE04EC0-301F-11D3-BF4B-00C04F79EFBC}") = "UnityEditor.UIBuilderModule", "UnityEditor.UIBuilderModule.csproj", "{B74D7C82-5864-A601-19D7-60E5C7FE96DD}"
EndProject
Project("{FAE04EC0-301F-11D3-BF4B-00C04F79EFBC}") = "UnityEditor.UI", "UnityEditor.UI.csproj", "{E2D5A4E1-D8AF-911C-CA44-3C64F194BE5F}"
EndProject
Project("{FAE04EC0-301F-11D3-BF4B-00C04F79EFBC}") = "Unity.VisualStudio.Editor", "Unity.VisualStudio.Editor.csproj", "{C319F19F-D645-3F9E-F48A-8231141BD2A5}"
EndProject
Project("{FAE04EC0-301F-11D3-BF4B-00C04F79EFBC}") = "Unity.Timeline.Editor", "Unity.Timeline.Editor.csproj", "{DB184363-7C48-E140-C925-B2249DC01098}"
EndProject
Project("{FAE04EC0-301F-11D3-BF4B-00C04F79EFBC}") = "Unity.2D.Psdimporter.Editor", "Unity.2D.Psdimporter.Editor.csproj", "{A8DF17AC-33C5-72D2-30A1-7E59B2AE7742}"
EndProject
Project("{FAE04EC0-301F-11D3-BF4B-00C04F79EFBC}") = "Unity.2D.Animation.Editor", "Unity.2D.Animation.Editor.csproj", "{594E83E4-69FC-FD04-3184-0BBA545597F5}"
EndProject
Project("{FAE04EC0-301F-11D3-BF4B-00C04F79EFBC}") = "Unity.TextMeshPro.Editor", "Unity.TextMeshPro.Editor.csproj", "{136D5B9B-D209-BFF8-71A9-806AC9FCDC23}"
EndProject
Project("{FAE04EC0-301F-11D3-BF4B-00C04F79EFBC}") = "Unity.2D.SpriteShape.Editor", "Unity.2D.SpriteShape.Editor.csproj", "{10C12ABB-92AC-98CC-C5DB-B0B5B7E3FE3D}"
EndProject
Project("{FAE04EC0-301F-11D3-BF4B-00C04F79EFBC}") = "Unity.CollabProxy.Editor", "Unity.CollabProxy.Editor.csproj", "{B47E9FE3-FBBD-4007-D2C0-56879304951C}"
EndProject
Project("{FAE04EC0-301F-11D3-BF4B-00C04F79EFBC}") = "PsdPlugin", "PsdPlugin.csproj", "{6FB1C403-1E27-053D-7D0B-7696ED27B2D8}"
EndProject
Project("{FAE04EC0-301F-11D3-BF4B-00C04F79EFBC}") = "Unity.2D.Path.Editor", "Unity.2D.Path.Editor.csproj", "{839F306D-0A73-7713-FA5A-9828C0C559F6}"
EndProject
Project("{FAE04EC0-301F-11D3-BF4B-00C04F79EFBC}") = "Unity.Rider.Editor", "Unity.Rider.Editor.csproj", "{55EDE521-219A-EF0B-32E1-FCB5F9D29AFC}"
EndProject
Project("{FAE04EC0-301F-11D3-BF4B-00C04F79EFBC}") = "Unity.DeviceSimulator.Editor", "Unity.DeviceSimulator.Editor.csproj", "{6595A0A7-88C3-2B17-4711-5780A24C5311}"
EndProject
Project("{FAE04EC0-301F-11D3-BF4B-00C04F79EFBC}") = "Assembly-CSharp-Editor", "Assembly-CSharp-Editor.csproj", "{87FBEF88-FECA-845F-100A-615EFDBFC9F9}"
EndProject
Project("{FAE04EC0-301F-11D3-BF4B-00C04F79EFBC}") = "Unity.2D.IK.Editor", "Unity.2D.IK.Editor.csproj", "{2950C9F0-B5CA-BF15-9C5B-47D21DB7612E}"
EndProject
Project("{FAE04EC0-301F-11D3-BF4B-00C04F79EFBC}") = "Unity.2D.Sprite.Editor", "Unity.2D.Sprite.Editor.csproj", "{3C9048E3-40E2-9BCF-926B-A43B74A82D8B}"
EndProject
Project("{FAE04EC0-301F-11D3-BF4B-00C04F79EFBC}") = "Unity.2D.Tilemap.Editor", "Unity.2D.Tilemap.Editor.csproj", "{462D8CA5-205B-BA67-C2D2-807DF367DDA8}"
EndProject
Project("{FAE04EC0-301F-11D3-BF4B-00C04F79EFBC}") = "Unity.2D.PixelPerfect.Editor", "Unity.2D.PixelPerfect.Editor.csproj", "{93FC41BB-1AA9-1B3A-CAB1-F0BB0299C549}"
EndProject
Project("{FAE04EC0-301F-11D3-BF4B-00C04F79EFBC}") = "Unity.VSCode.Editor", "Unity.VSCode.Editor.csproj", "{14615079-73D6-B2E7-5A63-008C5DDB6994}"
EndProject
Project("{FAE04EC0-301F-11D3-BF4B-00C04F79EFBC}") = "Unity.2D.Common.Editor", "Unity.2D.Common.Editor.csproj", "{FCFA9618-A8B9-379E-F6AB-8564A1B428FF}"
EndProject
Project("{FAE04EC0-301F-11D3-BF4B-00C04F79EFBC}") = "Unity.Mathematics.Editor", "Unity.Mathematics.Editor.csproj", "{8F5132F4-2E46-F5ED-96E1-EA699512514E}"
EndProject
Project("{FAE04EC0-301F-11D3-BF4B-00C04F79EFBC}") = "Unity.DeviceSimulator.Tests.Common", "Unity.DeviceSimulator.Tests.Common.csproj", "{29C8A8D4-E5D5-50C7-1A7E-4DD326A42448}"
EndProject
Project("{FAE04EC0-301F-11D3-BF4B-00C04F79EFBC}") = "Unity.InternalAPIEditorBridge.001", "Unity.InternalAPIEditorBridge.001.csproj", "{9588A4E8-C7CC-43F6-06CD-C84255CC025E}"
EndProject
Project("{FAE04EC0-301F-11D3-BF4B-00C04F79EFBC}") = "NativeShare.Editor", "NativeShare.Editor.csproj", "{26562A7B-EB20-68BC-D76D-66BF123C0081}"
EndProject
Project("{FAE04EC0-301F-11D3-BF4B-00C04F79EFBC}") = "UnityEngine.UI", "UnityEngine.UI.Player.csproj", "{801B6165-B04E-1313-CE07-93D8F9234A29}"
EndProject
Project("{FAE04EC0-301F-11D3-BF4B-00C04F79EFBC}") = "UnityEngine.TestRunner", "UnityEngine.TestRunner.Player.csproj", "{3B7CAD5F-3B0C-9C97-8BEE-EBCDB5AA480D}"
EndProject
Project("{FAE04EC0-301F-11D3-BF4B-00C04F79EFBC}") = "Unity.Mathematics", "Unity.Mathematics.Player.csproj", "{95275560-FE18-B51D-7B76-DAB1AD19491C}"
EndProject
Project("{FAE04EC0-301F-11D3-BF4B-00C04F79EFBC}") = "Unity.2D.Animation.Triangle.Runtime", "Unity.2D.Animation.Triangle.Runtime.Player.csproj", "{8C258FA6-A51D-7706-8D61-BF2FCF849A8E}"
EndProject
Project("{FAE04EC0-301F-11D3-BF4B-00C04F79EFBC}") = "Unity.Timeline", "Unity.Timeline.Player.csproj", "{12467F16-9536-1435-09F0-820B368D55CB}"
EndProject
Project("{FAE04EC0-301F-11D3-BF4B-00C04F79EFBC}") = "Unity.TextMeshPro", "Unity.TextMeshPro.Player.csproj", "{08B3F804-BE8A-B933-0D2D-963BFF9B2516}"
EndProject
Project("{FAE04EC0-301F-11D3-BF4B-00C04F79EFBC}") = "Unity.2D.Animation.Runtime", "Unity.2D.Animation.Runtime.Player.csproj", "{0E014618-F5B2-46B4-DC0A-91EE70F30CC3}"
EndProject
Project("{FAE04EC0-301F-11D3-BF4B-00C04F79EFBC}") = "Assembly-CSharp", "Assembly-CSharp.Player.csproj", "{7C44461E-CA4F-6C92-49FF-2EE0347D1B4B}"
EndProject
Project("{FAE04EC0-301F-11D3-BF4B-00C04F79EFBC}") = "Unity.2D.IK.Runtime", "Unity.2D.IK.Runtime.Player.csproj", "{DAEF2CA0-9587-1F50-351A-31BF3E77C64F}"
EndProject
Project("{FAE04EC0-301F-11D3-BF4B-00C04F79EFBC}") = "Unity.2D.SpriteShape.Runtime", "Unity.2D.SpriteShape.Runtime.Player.csproj", "{408063A9-2B91-6B54-9C7E-CA888F06A000}"
EndProject
Project("{FAE04EC0-301F-11D3-BF4B-00C04F79EFBC}") = "Unity.2D.PixelPerfect", "Unity.2D.PixelPerfect.Player.csproj", "{63F200A3-3779-BD00-F17C-576E9949ED72}"
EndProject
Project("{FAE04EC0-301F-11D3-BF4B-00C04F79EFBC}") = "Unity.2D.Common.Runtime", "Unity.2D.Common.Runtime.Player.csproj", "{AEE06178-428E-2CD2-AC8B-80B75E3B99D1}"
EndProject
Project("{FAE04EC0-301F-11D3-BF4B-00C04F79EFBC}") = "Unity.InternalAPIEngineBridge.001", "Unity.InternalAPIEngineBridge.001.Player.csproj", "{CA6226DE-A045-F256-371F-1DAF63537BD3}"
EndProject
Project("{FAE04EC0-301F-11D3-BF4B-00C04F79EFBC}") = "NativeShare.Runtime", "NativeShare.Runtime.Player.csproj", "{15CBBA7E-B382-FA73-3522-072748F9CC2A}"
EndProject
Global
	GlobalSection(SolutionConfigurationPlatforms) = preSolution
		Debug|Any CPU = Debug|Any CPU
		Release|Any CPU = Release|Any CPU
	EndGlobalSection
	GlobalSection(ProjectConfigurationPlatforms) = postSolution
		{8BE55C6D-A474-462B-1ABC-E9EEED036837}.Debug|Any CPU.ActiveCfg = Debug|Any CPU
		{8BE55C6D-A474-462B-1ABC-E9EEED036837}.Debug|Any CPU.Build.0 = Debug|Any CPU
		{8BE55C6D-A474-462B-1ABC-E9EEED036837}.Release|Any CPU.ActiveCfg = Release|Any CPU
		{8BE55C6D-A474-462B-1ABC-E9EEED036837}.Release|Any CPU.Build.0 = Release|Any CPU
		{91AE7228-6BAF-2BD4-C926-31C4D46810E8}.Debug|Any CPU.ActiveCfg = Debug|Any CPU
		{91AE7228-6BAF-2BD4-C926-31C4D46810E8}.Debug|Any CPU.Build.0 = Debug|Any CPU
		{91AE7228-6BAF-2BD4-C926-31C4D46810E8}.Release|Any CPU.ActiveCfg = Release|Any CPU
		{91AE7228-6BAF-2BD4-C926-31C4D46810E8}.Release|Any CPU.Build.0 = Release|Any CPU
		{74008396-742E-C665-3946-EA52CC8A0825}.Debug|Any CPU.ActiveCfg = Debug|Any CPU
		{74008396-742E-C665-3946-EA52CC8A0825}.Debug|Any CPU.Build.0 = Debug|Any CPU
		{74008396-742E-C665-3946-EA52CC8A0825}.Release|Any CPU.ActiveCfg = Release|Any CPU
		{74008396-742E-C665-3946-EA52CC8A0825}.Release|Any CPU.Build.0 = Release|Any CPU
		{FA8EC534-BA25-7E8D-EED7-F0BA0216DC4B}.Debug|Any CPU.ActiveCfg = Debug|Any CPU
		{FA8EC534-BA25-7E8D-EED7-F0BA0216DC4B}.Debug|Any CPU.Build.0 = Debug|Any CPU
		{FA8EC534-BA25-7E8D-EED7-F0BA0216DC4B}.Release|Any CPU.ActiveCfg = Release|Any CPU
		{FA8EC534-BA25-7E8D-EED7-F0BA0216DC4B}.Release|Any CPU.Build.0 = Release|Any CPU
		{769754C7-8C4F-3B73-8BDE-3FB633C9EAC8}.Debug|Any CPU.ActiveCfg = Debug|Any CPU
		{769754C7-8C4F-3B73-8BDE-3FB633C9EAC8}.Debug|Any CPU.Build.0 = Debug|Any CPU
		{769754C7-8C4F-3B73-8BDE-3FB633C9EAC8}.Release|Any CPU.ActiveCfg = Release|Any CPU
		{769754C7-8C4F-3B73-8BDE-3FB633C9EAC8}.Release|Any CPU.Build.0 = Release|Any CPU
		{B61CA65D-F391-FC3B-0696-09FA0E90EDD3}.Debug|Any CPU.ActiveCfg = Debug|Any CPU
		{B61CA65D-F391-FC3B-0696-09FA0E90EDD3}.Debug|Any CPU.Build.0 = Debug|Any CPU
		{B61CA65D-F391-FC3B-0696-09FA0E90EDD3}.Release|Any CPU.ActiveCfg = Release|Any CPU
		{B61CA65D-F391-FC3B-0696-09FA0E90EDD3}.Release|Any CPU.Build.0 = Release|Any CPU
		{D46268D4-5EB8-F8B4-FE77-9E00531A1AEA}.Debug|Any CPU.ActiveCfg = Debug|Any CPU
		{D46268D4-5EB8-F8B4-FE77-9E00531A1AEA}.Debug|Any CPU.Build.0 = Debug|Any CPU
		{D46268D4-5EB8-F8B4-FE77-9E00531A1AEA}.Release|Any CPU.ActiveCfg = Release|Any CPU
		{D46268D4-5EB8-F8B4-FE77-9E00531A1AEA}.Release|Any CPU.Build.0 = Release|Any CPU
		{F6E24C52-254E-01FA-896A-BF17F4A89318}.Debug|Any CPU.ActiveCfg = Debug|Any CPU
		{F6E24C52-254E-01FA-896A-BF17F4A89318}.Debug|Any CPU.Build.0 = Debug|Any CPU
		{F6E24C52-254E-01FA-896A-BF17F4A89318}.Release|Any CPU.ActiveCfg = Release|Any CPU
		{F6E24C52-254E-01FA-896A-BF17F4A89318}.Release|Any CPU.Build.0 = Release|Any CPU
		{405D87DA-AC44-3EDD-8BA6-38D0BF32AED6}.Debug|Any CPU.ActiveCfg = Debug|Any CPU
		{405D87DA-AC44-3EDD-8BA6-38D0BF32AED6}.Debug|Any CPU.Build.0 = Debug|Any CPU
		{405D87DA-AC44-3EDD-8BA6-38D0BF32AED6}.Release|Any CPU.ActiveCfg = Release|Any CPU
		{405D87DA-AC44-3EDD-8BA6-38D0BF32AED6}.Release|Any CPU.Build.0 = Release|Any CPU
		{A33599AA-C06F-32E0-D0A3-A68F6E62929E}.Debug|Any CPU.ActiveCfg = Debug|Any CPU
		{A33599AA-C06F-32E0-D0A3-A68F6E62929E}.Debug|Any CPU.Build.0 = Debug|Any CPU
		{A33599AA-C06F-32E0-D0A3-A68F6E62929E}.Release|Any CPU.ActiveCfg = Release|Any CPU
		{A33599AA-C06F-32E0-D0A3-A68F6E62929E}.Release|Any CPU.Build.0 = Release|Any CPU
		{8E27B6E3-8329-6706-0C03-A8476DB39057}.Debug|Any CPU.ActiveCfg = Debug|Any CPU
		{8E27B6E3-8329-6706-0C03-A8476DB39057}.Debug|Any CPU.Build.0 = Debug|Any CPU
		{8E27B6E3-8329-6706-0C03-A8476DB39057}.Release|Any CPU.ActiveCfg = Release|Any CPU
		{8E27B6E3-8329-6706-0C03-A8476DB39057}.Release|Any CPU.Build.0 = Release|Any CPU
		{8955DDBB-C4B1-FED9-6DA4-300B511896F0}.Debug|Any CPU.ActiveCfg = Debug|Any CPU
		{8955DDBB-C4B1-FED9-6DA4-300B511896F0}.Debug|Any CPU.Build.0 = Debug|Any CPU
		{8955DDBB-C4B1-FED9-6DA4-300B511896F0}.Release|Any CPU.ActiveCfg = Release|Any CPU
		{8955DDBB-C4B1-FED9-6DA4-300B511896F0}.Release|Any CPU.Build.0 = Release|Any CPU
		{F39917D3-7AA4-521C-64B8-640693BA9B41}.Debug|Any CPU.ActiveCfg = Debug|Any CPU
		{F39917D3-7AA4-521C-64B8-640693BA9B41}.Debug|Any CPU.Build.0 = Debug|Any CPU
		{F39917D3-7AA4-521C-64B8-640693BA9B41}.Release|Any CPU.ActiveCfg = Release|Any CPU
		{F39917D3-7AA4-521C-64B8-640693BA9B41}.Release|Any CPU.Build.0 = Release|Any CPU
		{CD26BA39-EB75-D404-DF87-7226CDF69E83}.Debug|Any CPU.ActiveCfg = Debug|Any CPU
		{CD26BA39-EB75-D404-DF87-7226CDF69E83}.Debug|Any CPU.Build.0 = Debug|Any CPU
		{CD26BA39-EB75-D404-DF87-7226CDF69E83}.Release|Any CPU.ActiveCfg = Release|Any CPU
		{CD26BA39-EB75-D404-DF87-7226CDF69E83}.Release|Any CPU.Build.0 = Release|Any CPU
		{B1DAEBFB-0761-3D7C-33EA-3DFBDD5E66A6}.Debug|Any CPU.ActiveCfg = Debug|Any CPU
		{B1DAEBFB-0761-3D7C-33EA-3DFBDD5E66A6}.Debug|Any CPU.Build.0 = Debug|Any CPU
		{B1DAEBFB-0761-3D7C-33EA-3DFBDD5E66A6}.Release|Any CPU.ActiveCfg = Release|Any CPU
		{B1DAEBFB-0761-3D7C-33EA-3DFBDD5E66A6}.Release|Any CPU.Build.0 = Release|Any CPU
		{B74D7C82-5864-A601-19D7-60E5C7FE96DD}.Debug|Any CPU.ActiveCfg = Debug|Any CPU
		{B74D7C82-5864-A601-19D7-60E5C7FE96DD}.Debug|Any CPU.Build.0 = Debug|Any CPU
		{B74D7C82-5864-A601-19D7-60E5C7FE96DD}.Release|Any CPU.ActiveCfg = Release|Any CPU
		{B74D7C82-5864-A601-19D7-60E5C7FE96DD}.Release|Any CPU.Build.0 = Release|Any CPU
		{E2D5A4E1-D8AF-911C-CA44-3C64F194BE5F}.Debug|Any CPU.ActiveCfg = Debug|Any CPU
		{E2D5A4E1-D8AF-911C-CA44-3C64F194BE5F}.Debug|Any CPU.Build.0 = Debug|Any CPU
		{E2D5A4E1-D8AF-911C-CA44-3C64F194BE5F}.Release|Any CPU.ActiveCfg = Release|Any CPU
		{E2D5A4E1-D8AF-911C-CA44-3C64F194BE5F}.Release|Any CPU.Build.0 = Release|Any CPU
		{C319F19F-D645-3F9E-F48A-8231141BD2A5}.Debug|Any CPU.ActiveCfg = Debug|Any CPU
		{C319F19F-D645-3F9E-F48A-8231141BD2A5}.Debug|Any CPU.Build.0 = Debug|Any CPU
		{C319F19F-D645-3F9E-F48A-8231141BD2A5}.Release|Any CPU.ActiveCfg = Release|Any CPU
		{C319F19F-D645-3F9E-F48A-8231141BD2A5}.Release|Any CPU.Build.0 = Release|Any CPU
		{DB184363-7C48-E140-C925-B2249DC01098}.Debug|Any CPU.ActiveCfg = Debug|Any CPU
		{DB184363-7C48-E140-C925-B2249DC01098}.Debug|Any CPU.Build.0 = Debug|Any CPU
		{DB184363-7C48-E140-C925-B2249DC01098}.Release|Any CPU.ActiveCfg = Release|Any CPU
		{DB184363-7C48-E140-C925-B2249DC01098}.Release|Any CPU.Build.0 = Release|Any CPU
		{A8DF17AC-33C5-72D2-30A1-7E59B2AE7742}.Debug|Any CPU.ActiveCfg = Debug|Any CPU
		{A8DF17AC-33C5-72D2-30A1-7E59B2AE7742}.Debug|Any CPU.Build.0 = Debug|Any CPU
		{A8DF17AC-33C5-72D2-30A1-7E59B2AE7742}.Release|Any CPU.ActiveCfg = Release|Any CPU
		{A8DF17AC-33C5-72D2-30A1-7E59B2AE7742}.Release|Any CPU.Build.0 = Release|Any CPU
		{594E83E4-69FC-FD04-3184-0BBA545597F5}.Debug|Any CPU.ActiveCfg = Debug|Any CPU
		{594E83E4-69FC-FD04-3184-0BBA545597F5}.Debug|Any CPU.Build.0 = Debug|Any CPU
		{594E83E4-69FC-FD04-3184-0BBA545597F5}.Release|Any CPU.ActiveCfg = Release|Any CPU
		{594E83E4-69FC-FD04-3184-0BBA545597F5}.Release|Any CPU.Build.0 = Release|Any CPU
		{136D5B9B-D209-BFF8-71A9-806AC9FCDC23}.Debug|Any CPU.ActiveCfg = Debug|Any CPU
		{136D5B9B-D209-BFF8-71A9-806AC9FCDC23}.Debug|Any CPU.Build.0 = Debug|Any CPU
		{136D5B9B-D209-BFF8-71A9-806AC9FCDC23}.Release|Any CPU.ActiveCfg = Release|Any CPU
		{136D5B9B-D209-BFF8-71A9-806AC9FCDC23}.Release|Any CPU.Build.0 = Release|Any CPU
		{10C12ABB-92AC-98CC-C5DB-B0B5B7E3FE3D}.Debug|Any CPU.ActiveCfg = Debug|Any CPU
		{10C12ABB-92AC-98CC-C5DB-B0B5B7E3FE3D}.Debug|Any CPU.Build.0 = Debug|Any CPU
		{10C12ABB-92AC-98CC-C5DB-B0B5B7E3FE3D}.Release|Any CPU.ActiveCfg = Release|Any CPU
		{10C12ABB-92AC-98CC-C5DB-B0B5B7E3FE3D}.Release|Any CPU.Build.0 = Release|Any CPU
		{B47E9FE3-FBBD-4007-D2C0-56879304951C}.Debug|Any CPU.ActiveCfg = Debug|Any CPU
		{B47E9FE3-FBBD-4007-D2C0-56879304951C}.Debug|Any CPU.Build.0 = Debug|Any CPU
		{B47E9FE3-FBBD-4007-D2C0-56879304951C}.Release|Any CPU.ActiveCfg = Release|Any CPU
		{B47E9FE3-FBBD-4007-D2C0-56879304951C}.Release|Any CPU.Build.0 = Release|Any CPU
		{6FB1C403-1E27-053D-7D0B-7696ED27B2D8}.Debug|Any CPU.ActiveCfg = Debug|Any CPU
		{6FB1C403-1E27-053D-7D0B-7696ED27B2D8}.Debug|Any CPU.Build.0 = Debug|Any CPU
		{6FB1C403-1E27-053D-7D0B-7696ED27B2D8}.Release|Any CPU.ActiveCfg = Release|Any CPU
		{6FB1C403-1E27-053D-7D0B-7696ED27B2D8}.Release|Any CPU.Build.0 = Release|Any CPU
		{839F306D-0A73-7713-FA5A-9828C0C559F6}.Debug|Any CPU.ActiveCfg = Debug|Any CPU
		{839F306D-0A73-7713-FA5A-9828C0C559F6}.Debug|Any CPU.Build.0 = Debug|Any CPU
		{839F306D-0A73-7713-FA5A-9828C0C559F6}.Release|Any CPU.ActiveCfg = Release|Any CPU
		{839F306D-0A73-7713-FA5A-9828C0C559F6}.Release|Any CPU.Build.0 = Release|Any CPU
		{55EDE521-219A-EF0B-32E1-FCB5F9D29AFC}.Debug|Any CPU.ActiveCfg = Debug|Any CPU
		{55EDE521-219A-EF0B-32E1-FCB5F9D29AFC}.Debug|Any CPU.Build.0 = Debug|Any CPU
		{55EDE521-219A-EF0B-32E1-FCB5F9D29AFC}.Release|Any CPU.ActiveCfg = Release|Any CPU
		{55EDE521-219A-EF0B-32E1-FCB5F9D29AFC}.Release|Any CPU.Build.0 = Release|Any CPU
		{6595A0A7-88C3-2B17-4711-5780A24C5311}.Debug|Any CPU.ActiveCfg = Debug|Any CPU
		{6595A0A7-88C3-2B17-4711-5780A24C5311}.Debug|Any CPU.Build.0 = Debug|Any CPU
		{6595A0A7-88C3-2B17-4711-5780A24C5311}.Release|Any CPU.ActiveCfg = Release|Any CPU
		{6595A0A7-88C3-2B17-4711-5780A24C5311}.Release|Any CPU.Build.0 = Release|Any CPU
		{87FBEF88-FECA-845F-100A-615EFDBFC9F9}.Debug|Any CPU.ActiveCfg = Debug|Any CPU
		{87FBEF88-FECA-845F-100A-615EFDBFC9F9}.Debug|Any CPU.Build.0 = Debug|Any CPU
		{87FBEF88-FECA-845F-100A-615EFDBFC9F9}.Release|Any CPU.ActiveCfg = Release|Any CPU
		{87FBEF88-FECA-845F-100A-615EFDBFC9F9}.Release|Any CPU.Build.0 = Release|Any CPU
		{2950C9F0-B5CA-BF15-9C5B-47D21DB7612E}.Debug|Any CPU.ActiveCfg = Debug|Any CPU
		{2950C9F0-B5CA-BF15-9C5B-47D21DB7612E}.Debug|Any CPU.Build.0 = Debug|Any CPU
		{2950C9F0-B5CA-BF15-9C5B-47D21DB7612E}.Release|Any CPU.ActiveCfg = Release|Any CPU
		{2950C9F0-B5CA-BF15-9C5B-47D21DB7612E}.Release|Any CPU.Build.0 = Release|Any CPU
		{3C9048E3-40E2-9BCF-926B-A43B74A82D8B}.Debug|Any CPU.ActiveCfg = Debug|Any CPU
		{3C9048E3-40E2-9BCF-926B-A43B74A82D8B}.Debug|Any CPU.Build.0 = Debug|Any CPU
		{3C9048E3-40E2-9BCF-926B-A43B74A82D8B}.Release|Any CPU.ActiveCfg = Release|Any CPU
		{3C9048E3-40E2-9BCF-926B-A43B74A82D8B}.Release|Any CPU.Build.0 = Release|Any CPU
		{462D8CA5-205B-BA67-C2D2-807DF367DDA8}.Debug|Any CPU.ActiveCfg = Debug|Any CPU
		{462D8CA5-205B-BA67-C2D2-807DF367DDA8}.Debug|Any CPU.Build.0 = Debug|Any CPU
		{462D8CA5-205B-BA67-C2D2-807DF367DDA8}.Release|Any CPU.ActiveCfg = Release|Any CPU
		{462D8CA5-205B-BA67-C2D2-807DF367DDA8}.Release|Any CPU.Build.0 = Release|Any CPU
		{93FC41BB-1AA9-1B3A-CAB1-F0BB0299C549}.Debug|Any CPU.ActiveCfg = Debug|Any CPU
		{93FC41BB-1AA9-1B3A-CAB1-F0BB0299C549}.Debug|Any CPU.Build.0 = Debug|Any CPU
		{93FC41BB-1AA9-1B3A-CAB1-F0BB0299C549}.Release|Any CPU.ActiveCfg = Release|Any CPU
		{93FC41BB-1AA9-1B3A-CAB1-F0BB0299C549}.Release|Any CPU.Build.0 = Release|Any CPU
		{14615079-73D6-B2E7-5A63-008C5DDB6994}.Debug|Any CPU.ActiveCfg = Debug|Any CPU
		{14615079-73D6-B2E7-5A63-008C5DDB6994}.Debug|Any CPU.Build.0 = Debug|Any CPU
		{14615079-73D6-B2E7-5A63-008C5DDB6994}.Release|Any CPU.ActiveCfg = Release|Any CPU
		{14615079-73D6-B2E7-5A63-008C5DDB6994}.Release|Any CPU.Build.0 = Release|Any CPU
		{FCFA9618-A8B9-379E-F6AB-8564A1B428FF}.Debug|Any CPU.ActiveCfg = Debug|Any CPU
		{FCFA9618-A8B9-379E-F6AB-8564A1B428FF}.Debug|Any CPU.Build.0 = Debug|Any CPU
		{FCFA9618-A8B9-379E-F6AB-8564A1B428FF}.Release|Any CPU.ActiveCfg = Release|Any CPU
		{FCFA9618-A8B9-379E-F6AB-8564A1B428FF}.Release|Any CPU.Build.0 = Release|Any CPU
		{8F5132F4-2E46-F5ED-96E1-EA699512514E}.Debug|Any CPU.ActiveCfg = Debug|Any CPU
		{8F5132F4-2E46-F5ED-96E1-EA699512514E}.Debug|Any CPU.Build.0 = Debug|Any CPU
		{8F5132F4-2E46-F5ED-96E1-EA699512514E}.Release|Any CPU.ActiveCfg = Release|Any CPU
		{8F5132F4-2E46-F5ED-96E1-EA699512514E}.Release|Any CPU.Build.0 = Release|Any CPU
		{29C8A8D4-E5D5-50C7-1A7E-4DD326A42448}.Debug|Any CPU.ActiveCfg = Debug|Any CPU
		{29C8A8D4-E5D5-50C7-1A7E-4DD326A42448}.Debug|Any CPU.Build.0 = Debug|Any CPU
		{29C8A8D4-E5D5-50C7-1A7E-4DD326A42448}.Release|Any CPU.ActiveCfg = Release|Any CPU
		{29C8A8D4-E5D5-50C7-1A7E-4DD326A42448}.Release|Any CPU.Build.0 = Release|Any CPU
		{9588A4E8-C7CC-43F6-06CD-C84255CC025E}.Debug|Any CPU.ActiveCfg = Debug|Any CPU
		{9588A4E8-C7CC-43F6-06CD-C84255CC025E}.Debug|Any CPU.Build.0 = Debug|Any CPU
		{9588A4E8-C7CC-43F6-06CD-C84255CC025E}.Release|Any CPU.ActiveCfg = Release|Any CPU
		{9588A4E8-C7CC-43F6-06CD-C84255CC025E}.Release|Any CPU.Build.0 = Release|Any CPU
		{26562A7B-EB20-68BC-D76D-66BF123C0081}.Debug|Any CPU.ActiveCfg = Debug|Any CPU
		{26562A7B-EB20-68BC-D76D-66BF123C0081}.Debug|Any CPU.Build.0 = Debug|Any CPU
		{26562A7B-EB20-68BC-D76D-66BF123C0081}.Release|Any CPU.ActiveCfg = Release|Any CPU
		{26562A7B-EB20-68BC-D76D-66BF123C0081}.Release|Any CPU.Build.0 = Release|Any CPU
		{801B6165-B04E-1313-CE07-93D8F9234A29}.Debug|Any CPU.ActiveCfg = Debug|Any CPU
		{801B6165-B04E-1313-CE07-93D8F9234A29}.Debug|Any CPU.Build.0 = Debug|Any CPU
		{801B6165-B04E-1313-CE07-93D8F9234A29}.Release|Any CPU.ActiveCfg = Release|Any CPU
		{801B6165-B04E-1313-CE07-93D8F9234A29}.Release|Any CPU.Build.0 = Release|Any CPU
		{3B7CAD5F-3B0C-9C97-8BEE-EBCDB5AA480D}.Debug|Any CPU.ActiveCfg = Debug|Any CPU
		{3B7CAD5F-3B0C-9C97-8BEE-EBCDB5AA480D}.Debug|Any CPU.Build.0 = Debug|Any CPU
		{3B7CAD5F-3B0C-9C97-8BEE-EBCDB5AA480D}.Release|Any CPU.ActiveCfg = Release|Any CPU
		{3B7CAD5F-3B0C-9C97-8BEE-EBCDB5AA480D}.Release|Any CPU.Build.0 = Release|Any CPU
		{95275560-FE18-B51D-7B76-DAB1AD19491C}.Debug|Any CPU.ActiveCfg = Debug|Any CPU
		{95275560-FE18-B51D-7B76-DAB1AD19491C}.Debug|Any CPU.Build.0 = Debug|Any CPU
		{95275560-FE18-B51D-7B76-DAB1AD19491C}.Release|Any CPU.ActiveCfg = Release|Any CPU
		{95275560-FE18-B51D-7B76-DAB1AD19491C}.Release|Any CPU.Build.0 = Release|Any CPU
		{8C258FA6-A51D-7706-8D61-BF2FCF849A8E}.Debug|Any CPU.ActiveCfg = Debug|Any CPU
		{8C258FA6-A51D-7706-8D61-BF2FCF849A8E}.Debug|Any CPU.Build.0 = Debug|Any CPU
		{8C258FA6-A51D-7706-8D61-BF2FCF849A8E}.Release|Any CPU.ActiveCfg = Release|Any CPU
		{8C258FA6-A51D-7706-8D61-BF2FCF849A8E}.Release|Any CPU.Build.0 = Release|Any CPU
		{12467F16-9536-1435-09F0-820B368D55CB}.Debug|Any CPU.ActiveCfg = Debug|Any CPU
		{12467F16-9536-1435-09F0-820B368D55CB}.Debug|Any CPU.Build.0 = Debug|Any CPU
		{12467F16-9536-1435-09F0-820B368D55CB}.Release|Any CPU.ActiveCfg = Release|Any CPU
		{12467F16-9536-1435-09F0-820B368D55CB}.Release|Any CPU.Build.0 = Release|Any CPU
		{08B3F804-BE8A-B933-0D2D-963BFF9B2516}.Debug|Any CPU.ActiveCfg = Debug|Any CPU
		{08B3F804-BE8A-B933-0D2D-963BFF9B2516}.Debug|Any CPU.Build.0 = Debug|Any CPU
		{08B3F804-BE8A-B933-0D2D-963BFF9B2516}.Release|Any CPU.ActiveCfg = Release|Any CPU
		{08B3F804-BE8A-B933-0D2D-963BFF9B2516}.Release|Any CPU.Build.0 = Release|Any CPU
		{0E014618-F5B2-46B4-DC0A-91EE70F30CC3}.Debug|Any CPU.ActiveCfg = Debug|Any CPU
		{0E014618-F5B2-46B4-DC0A-91EE70F30CC3}.Debug|Any CPU.Build.0 = Debug|Any CPU
		{0E014618-F5B2-46B4-DC0A-91EE70F30CC3}.Release|Any CPU.ActiveCfg = Release|Any CPU
		{0E014618-F5B2-46B4-DC0A-91EE70F30CC3}.Release|Any CPU.Build.0 = Release|Any CPU
		{7C44461E-CA4F-6C92-49FF-2EE0347D1B4B}.Debug|Any CPU.ActiveCfg = Debug|Any CPU
		{7C44461E-CA4F-6C92-49FF-2EE0347D1B4B}.Debug|Any CPU.Build.0 = Debug|Any CPU
		{7C44461E-CA4F-6C92-49FF-2EE0347D1B4B}.Release|Any CPU.ActiveCfg = Release|Any CPU
		{7C44461E-CA4F-6C92-49FF-2EE0347D1B4B}.Release|Any CPU.Build.0 = Release|Any CPU
		{DAEF2CA0-9587-1F50-351A-31BF3E77C64F}.Debug|Any CPU.ActiveCfg = Debug|Any CPU
		{DAEF2CA0-9587-1F50-351A-31BF3E77C64F}.Debug|Any CPU.Build.0 = Debug|Any CPU
		{DAEF2CA0-9587-1F50-351A-31BF3E77C64F}.Release|Any CPU.ActiveCfg = Release|Any CPU
		{DAEF2CA0-9587-1F50-351A-31BF3E77C64F}.Release|Any CPU.Build.0 = Release|Any CPU
		{408063A9-2B91-6B54-9C7E-CA888F06A000}.Debug|Any CPU.ActiveCfg = Debug|Any CPU
		{408063A9-2B91-6B54-9C7E-CA888F06A000}.Debug|Any CPU.Build.0 = Debug|Any CPU
		{408063A9-2B91-6B54-9C7E-CA888F06A000}.Release|Any CPU.ActiveCfg = Release|Any CPU
		{408063A9-2B91-6B54-9C7E-CA888F06A000}.Release|Any CPU.Build.0 = Release|Any CPU
		{63F200A3-3779-BD00-F17C-576E9949ED72}.Debug|Any CPU.ActiveCfg = Debug|Any CPU
		{63F200A3-3779-BD00-F17C-576E9949ED72}.Debug|Any CPU.Build.0 = Debug|Any CPU
		{63F200A3-3779-BD00-F17C-576E9949ED72}.Release|Any CPU.ActiveCfg = Release|Any CPU
		{63F200A3-3779-BD00-F17C-576E9949ED72}.Release|Any CPU.Build.0 = Release|Any CPU
		{AEE06178-428E-2CD2-AC8B-80B75E3B99D1}.Debug|Any CPU.ActiveCfg = Debug|Any CPU
		{AEE06178-428E-2CD2-AC8B-80B75E3B99D1}.Debug|Any CPU.Build.0 = Debug|Any CPU
		{AEE06178-428E-2CD2-AC8B-80B75E3B99D1}.Release|Any CPU.ActiveCfg = Release|Any CPU
		{AEE06178-428E-2CD2-AC8B-80B75E3B99D1}.Release|Any CPU.Build.0 = Release|Any CPU
		{CA6226DE-A045-F256-371F-1DAF63537BD3}.Debug|Any CPU.ActiveCfg = Debug|Any CPU
		{CA6226DE-A045-F256-371F-1DAF63537BD3}.Debug|Any CPU.Build.0 = Debug|Any CPU
		{CA6226DE-A045-F256-371F-1DAF63537BD3}.Release|Any CPU.ActiveCfg = Release|Any CPU
		{CA6226DE-A045-F256-371F-1DAF63537BD3}.Release|Any CPU.Build.0 = Release|Any CPU
		{15CBBA7E-B382-FA73-3522-072748F9CC2A}.Debug|Any CPU.ActiveCfg = Debug|Any CPU
		{15CBBA7E-B382-FA73-3522-072748F9CC2A}.Debug|Any CPU.Build.0 = Debug|Any CPU
		{15CBBA7E-B382-FA73-3522-072748F9CC2A}.Release|Any CPU.ActiveCfg = Release|Any CPU
		{15CBBA7E-B382-FA73-3522-072748F9CC2A}.Release|Any CPU.Build.0 = Release|Any CPU
	EndGlobalSection
	GlobalSection(SolutionProperties) = preSolution
		HideSolutionNode = FALSE
	EndGlobalSection
EndGlobal
